// !$*UTF8*$!
{
	archiveVersion = 1;
	classes = {
	};
	objectVersion = 45;
	objects = {

/* Begin PBXBuildFile section */
		0ACABC1110B2A31900441911 /* CoreLocation.framework in Frameworks */ = {isa = PBXBuildFile; fileRef = 0ACABC1010B2A31900441911 /* CoreLocation.framework */; };
		0ACABCC610B2A33800441911 /* UIKit.framework in Frameworks */ = {isa = PBXBuildFile; fileRef = 1DF5F4DF0D08C38300B7A737 /* UIKit.framework */; };
		0ACABCC710B2A33800441911 /* Foundation.framework in Frameworks */ = {isa = PBXBuildFile; fileRef = 1D30AB110D05D00D00671497 /* Foundation.framework */; };
		0ACABCC810B2A33800441911 /* CoreGraphics.framework in Frameworks */ = {isa = PBXBuildFile; fileRef = 288765A40DF7441C002DB57D /* CoreGraphics.framework */; };
		0ACABCC910B2A33800441911 /* CoreLocation.framework in Frameworks */ = {isa = PBXBuildFile; fileRef = 0ACABC1010B2A31900441911 /* CoreLocation.framework */; };
		0ACABCDC10B2A39E00441911 /* GHUnitIPhoneTestMain.m in Sources */ = {isa = PBXBuildFile; fileRef = 0ACABCD710B2A39E00441911 /* GHUnitIPhoneTestMain.m */; };
		0ACABCDD10B2A39E00441911 /* libGHUnitIPhone3_0.a in Frameworks */ = {isa = PBXBuildFile; fileRef = 0ACABCD910B2A39E00441911 /* libGHUnitIPhone3_0.a */; };
		0ACABCE210B2A52800441911 /* RegisterLocationTest.m in Sources */ = {isa = PBXBuildFile; fileRef = 0ACABCE110B2A52800441911 /* RegisterLocationTest.m */; };
		1D3623260D0F684500981E51 /* BushFireAppDelegate.m in Sources */ = {isa = PBXBuildFile; fileRef = 1D3623250D0F684500981E51 /* BushFireAppDelegate.m */; };
		1D60589B0D05DD56006BFB54 /* main.m in Sources */ = {isa = PBXBuildFile; fileRef = 29B97316FDCFA39411CA2CEA /* main.m */; };
		1D60589F0D05DD5A006BFB54 /* Foundation.framework in Frameworks */ = {isa = PBXBuildFile; fileRef = 1D30AB110D05D00D00671497 /* Foundation.framework */; };
		1DF5F4E00D08C38300B7A737 /* UIKit.framework in Frameworks */ = {isa = PBXBuildFile; fileRef = 1DF5F4DF0D08C38300B7A737 /* UIKit.framework */; };
		288765A50DF7441C002DB57D /* CoreGraphics.framework in Frameworks */ = {isa = PBXBuildFile; fileRef = 288765A40DF7441C002DB57D /* CoreGraphics.framework */; };
		2899E5220DE3E06400AC0155 /* BushFireViewController.xib in Resources */ = {isa = PBXBuildFile; fileRef = 2899E5210DE3E06400AC0155 /* BushFireViewController.xib */; };
		28AD733F0D9D9553002E5188 /* MainWindow.xib in Resources */ = {isa = PBXBuildFile; fileRef = 28AD733E0D9D9553002E5188 /* MainWindow.xib */; };
		28D7ACF80DDB3853001CB0EB /* BushFireViewController.m in Sources */ = {isa = PBXBuildFile; fileRef = 28D7ACF70DDB3853001CB0EB /* BushFireViewController.m */; };
/* End PBXBuildFile section */

/* Begin PBXFileReference section */
		0ACABC0A10B2A2B500441911 /* Unit Tests.app */ = {isa = PBXFileReference; explicitFileType = wrapper.application; includeInIndex = 0; path = "Unit Tests.app"; sourceTree = BUILT_PRODUCTS_DIR; };
		0ACABC0C10B2A2B500441911 /* Unit Tests-Info.plist */ = {isa = PBXFileReference; lastKnownFileType = text.plist.xml; path = "Unit Tests-Info.plist"; sourceTree = "<group>"; };
		0ACABC1010B2A31900441911 /* CoreLocation.framework */ = {isa = PBXFileReference; lastKnownFileType = wrapper.framework; name = CoreLocation.framework; path = System/Library/Frameworks/CoreLocation.framework; sourceTree = SDKROOT; };
		0ACABCCD10B2A39E00441911 /* GHAsyncTestCase.h */ = {isa = PBXFileReference; fileEncoding = 4; lastKnownFileType = sourcecode.c.h; name = GHAsyncTestCase.h; path = "third-party/gh-unit/GHAsyncTestCase.h"; sourceTree = "<group>"; };
		0ACABCCE10B2A39E00441911 /* GHTest.h */ = {isa = PBXFileReference; fileEncoding = 4; lastKnownFileType = sourcecode.c.h; name = GHTest.h; path = "third-party/gh-unit/GHTest.h"; sourceTree = "<group>"; };
		0ACABCCF10B2A39E00441911 /* GHTestCase.h */ = {isa = PBXFileReference; fileEncoding = 4; lastKnownFileType = sourcecode.c.h; name = GHTestCase.h; path = "third-party/gh-unit/GHTestCase.h"; sourceTree = "<group>"; };
		0ACABCD010B2A39E00441911 /* GHTestGroup.h */ = {isa = PBXFileReference; fileEncoding = 4; lastKnownFileType = sourcecode.c.h; name = GHTestGroup.h; path = "third-party/gh-unit/GHTestGroup.h"; sourceTree = "<group>"; };
		0ACABCD110B2A39E00441911 /* GHTesting.h */ = {isa = PBXFileReference; fileEncoding = 4; lastKnownFileType = sourcecode.c.h; name = GHTesting.h; path = "third-party/gh-unit/GHTesting.h"; sourceTree = "<group>"; };
		0ACABCD210B2A39E00441911 /* GHTestMacros.h */ = {isa = PBXFileReference; fileEncoding = 4; lastKnownFileType = sourcecode.c.h; name = GHTestMacros.h; path = "third-party/gh-unit/GHTestMacros.h"; sourceTree = "<group>"; };
		0ACABCD310B2A39E00441911 /* GHTestRunner.h */ = {isa = PBXFileReference; fileEncoding = 4; lastKnownFileType = sourcecode.c.h; name = GHTestRunner.h; path = "third-party/gh-unit/GHTestRunner.h"; sourceTree = "<group>"; };
		0ACABCD410B2A39E00441911 /* GHTestSuite.h */ = {isa = PBXFileReference; fileEncoding = 4; lastKnownFileType = sourcecode.c.h; name = GHTestSuite.h; path = "third-party/gh-unit/GHTestSuite.h"; sourceTree = "<group>"; };
		0ACABCD510B2A39E00441911 /* GHUnit.h */ = {isa = PBXFileReference; fileEncoding = 4; lastKnownFileType = sourcecode.c.h; name = GHUnit.h; path = "third-party/gh-unit/GHUnit.h"; sourceTree = "<group>"; };
		0ACABCD610B2A39E00441911 /* GHUnitIPhoneAppDelegate.h */ = {isa = PBXFileReference; fileEncoding = 4; lastKnownFileType = sourcecode.c.h; name = GHUnitIPhoneAppDelegate.h; path = "third-party/gh-unit/GHUnitIPhoneAppDelegate.h"; sourceTree = "<group>"; };
		0ACABCD710B2A39E00441911 /* GHUnitIPhoneTestMain.m */ = {isa = PBXFileReference; fileEncoding = 4; lastKnownFileType = sourcecode.c.objc; name = GHUnitIPhoneTestMain.m; path = "third-party/gh-unit/GHUnitIPhoneTestMain.m"; sourceTree = "<group>"; };
		0ACABCD810B2A39E00441911 /* GHUNSObject+Swizzle.h */ = {isa = PBXFileReference; fileEncoding = 4; lastKnownFileType = sourcecode.c.h; name = "GHUNSObject+Swizzle.h"; path = "third-party/gh-unit/GHUNSObject+Swizzle.h"; sourceTree = "<group>"; };
		0ACABCD910B2A39E00441911 /* libGHUnitIPhone3_0.a */ = {isa = PBXFileReference; lastKnownFileType = archive.ar; name = libGHUnitIPhone3_0.a; path = "third-party/gh-unit/libGHUnitIPhone3_0.a"; sourceTree = "<group>"; };
		0ACABCDA10B2A39E00441911 /* NSException+GHTestFailureExceptions.h */ = {isa = PBXFileReference; fileEncoding = 4; lastKnownFileType = sourcecode.c.h; name = "NSException+GHTestFailureExceptions.h"; path = "third-party/gh-unit/NSException+GHTestFailureExceptions.h"; sourceTree = "<group>"; };
		0ACABCDB10B2A39E00441911 /* NSValue+GHValueFormatter.h */ = {isa = PBXFileReference; fileEncoding = 4; lastKnownFileType = sourcecode.c.h; name = "NSValue+GHValueFormatter.h"; path = "third-party/gh-unit/NSValue+GHValueFormatter.h"; sourceTree = "<group>"; };
		0ACABCE110B2A52800441911 /* RegisterLocationTest.m */ = {isa = PBXFileReference; fileEncoding = 4; lastKnownFileType = sourcecode.c.objc; path = RegisterLocationTest.m; sourceTree = "<group>"; };
		1D30AB110D05D00D00671497 /* Foundation.framework */ = {isa = PBXFileReference; lastKnownFileType = wrapper.framework; name = Foundation.framework; path = System/Library/Frameworks/Foundation.framework; sourceTree = SDKROOT; };
		1D3623240D0F684500981E51 /* BushFireAppDelegate.h */ = {isa = PBXFileReference; fileEncoding = 4; lastKnownFileType = sourcecode.c.h; path = BushFireAppDelegate.h; sourceTree = "<group>"; };
		1D3623250D0F684500981E51 /* BushFireAppDelegate.m */ = {isa = PBXFileReference; fileEncoding = 4; lastKnownFileType = sourcecode.c.objc; path = BushFireAppDelegate.m; sourceTree = "<group>"; };
		1D6058910D05DD3D006BFB54 /* BushFire.app */ = {isa = PBXFileReference; explicitFileType = wrapper.application; includeInIndex = 0; path = BushFire.app; sourceTree = BUILT_PRODUCTS_DIR; };
		1DF5F4DF0D08C38300B7A737 /* UIKit.framework */ = {isa = PBXFileReference; lastKnownFileType = wrapper.framework; name = UIKit.framework; path = System/Library/Frameworks/UIKit.framework; sourceTree = SDKROOT; };
		288765A40DF7441C002DB57D /* CoreGraphics.framework */ = {isa = PBXFileReference; lastKnownFileType = wrapper.framework; name = CoreGraphics.framework; path = System/Library/Frameworks/CoreGraphics.framework; sourceTree = SDKROOT; };
		2899E5210DE3E06400AC0155 /* BushFireViewController.xib */ = {isa = PBXFileReference; lastKnownFileType = file.xib; path = BushFireViewController.xib; sourceTree = "<group>"; };
		28AD733E0D9D9553002E5188 /* MainWindow.xib */ = {isa = PBXFileReference; lastKnownFileType = file.xib; path = MainWindow.xib; sourceTree = "<group>"; };
		28D7ACF60DDB3853001CB0EB /* BushFireViewController.h */ = {isa = PBXFileReference; fileEncoding = 4; lastKnownFileType = sourcecode.c.h; path = BushFireViewController.h; sourceTree = "<group>"; };
		28D7ACF70DDB3853001CB0EB /* BushFireViewController.m */ = {isa = PBXFileReference; fileEncoding = 4; lastKnownFileType = sourcecode.c.objc; path = BushFireViewController.m; sourceTree = "<group>"; };
		29B97316FDCFA39411CA2CEA /* main.m */ = {isa = PBXFileReference; fileEncoding = 4; lastKnownFileType = sourcecode.c.objc; path = main.m; sourceTree = "<group>"; };
		32CA4F630368D1EE00C91783 /* BushFire_Prefix.pch */ = {isa = PBXFileReference; fileEncoding = 4; lastKnownFileType = sourcecode.c.h; path = BushFire_Prefix.pch; sourceTree = "<group>"; };
		8D1107310486CEB800E47090 /* BushFire-Info.plist */ = {isa = PBXFileReference; fileEncoding = 4; lastKnownFileType = text.plist.xml; path = "BushFire-Info.plist"; plistStructureDefinitionIdentifier = "com.apple.xcode.plist.structure-definition.iphone.info-plist"; sourceTree = "<group>"; };
/* End PBXFileReference section */

/* Begin PBXFrameworksBuildPhase section */
		0ACABC0810B2A2B500441911 /* Frameworks */ = {
			isa = PBXFrameworksBuildPhase;
			buildActionMask = 2147483647;
			files = (
				0ACABCC610B2A33800441911 /* UIKit.framework in Frameworks */,
				0ACABCC710B2A33800441911 /* Foundation.framework in Frameworks */,
				0ACABCC810B2A33800441911 /* CoreGraphics.framework in Frameworks */,
				0ACABCC910B2A33800441911 /* CoreLocation.framework in Frameworks */,
				0ACABCDD10B2A39E00441911 /* libGHUnitIPhone3_0.a in Frameworks */,
			);
			runOnlyForDeploymentPostprocessing = 0;
		};
		1D60588F0D05DD3D006BFB54 /* Frameworks */ = {
			isa = PBXFrameworksBuildPhase;
			buildActionMask = 2147483647;
			files = (
				1D60589F0D05DD5A006BFB54 /* Foundation.framework in Frameworks */,
				1DF5F4E00D08C38300B7A737 /* UIKit.framework in Frameworks */,
				288765A50DF7441C002DB57D /* CoreGraphics.framework in Frameworks */,
				0ACABC1110B2A31900441911 /* CoreLocation.framework in Frameworks */,
			);
			runOnlyForDeploymentPostprocessing = 0;
		};
/* End PBXFrameworksBuildPhase section */

/* Begin PBXGroup section */
		080E96DDFE201D6D7F000001 /* Classes */ = {
			isa = PBXGroup;
			children = (
				1D3623240D0F684500981E51 /* BushFireAppDelegate.h */,
				1D3623250D0F684500981E51 /* BushFireAppDelegate.m */,
				28D7ACF60DDB3853001CB0EB /* BushFireViewController.h */,
				28D7ACF70DDB3853001CB0EB /* BushFireViewController.m */,
			);
			path = Classes;
			sourceTree = "<group>";
		};
		0ACABCCC10B2A37300441911 /* Third Party */ = {
			isa = PBXGroup;
			children = (
				0ACABCCD10B2A39E00441911 /* GHAsyncTestCase.h */,
				0ACABCCE10B2A39E00441911 /* GHTest.h */,
				0ACABCCF10B2A39E00441911 /* GHTestCase.h */,
				0ACABCD010B2A39E00441911 /* GHTestGroup.h */,
				0ACABCD110B2A39E00441911 /* GHTesting.h */,
				0ACABCD210B2A39E00441911 /* GHTestMacros.h */,
				0ACABCD310B2A39E00441911 /* GHTestRunner.h */,
				0ACABCD410B2A39E00441911 /* GHTestSuite.h */,
				0ACABCD510B2A39E00441911 /* GHUnit.h */,
				0ACABCD610B2A39E00441911 /* GHUnitIPhoneAppDelegate.h */,
				0ACABCD710B2A39E00441911 /* GHUnitIPhoneTestMain.m */,
				0ACABCD810B2A39E00441911 /* GHUNSObject+Swizzle.h */,
				0ACABCD910B2A39E00441911 /* libGHUnitIPhone3_0.a */,
				0ACABCDA10B2A39E00441911 /* NSException+GHTestFailureExceptions.h */,
				0ACABCDB10B2A39E00441911 /* NSValue+GHValueFormatter.h */,
			);
			name = "Third Party";
			sourceTree = "<group>";
		};
		0ACABCDE10B2A3CC00441911 /* Unit-Tests */ = {
			isa = PBXGroup;
			children = (
				0ACABCE110B2A52800441911 /* RegisterLocationTest.m */,
			);
			name = "Unit-Tests";
			path = "unit-tests";
			sourceTree = "<group>";
		};
		19C28FACFE9D520D11CA2CBB /* Products */ = {
			isa = PBXGroup;
			children = (
				1D6058910D05DD3D006BFB54 /* BushFire.app */,
				0ACABC0A10B2A2B500441911 /* Unit Tests.app */,
			);
			name = Products;
			sourceTree = "<group>";
		};
		29B97314FDCFA39411CA2CEA /* CustomTemplate */ = {
			isa = PBXGroup;
			children = (
				080E96DDFE201D6D7F000001 /* Classes */,
				0ACABCDE10B2A3CC00441911 /* Unit-Tests */,
				29B97315FDCFA39411CA2CEA /* Other Sources */,
				29B97317FDCFA39411CA2CEA /* Resources */,
				29B97323FDCFA39411CA2CEA /* Frameworks */,
				0ACABCCC10B2A37300441911 /* Third Party */,
				19C28FACFE9D520D11CA2CBB /* Products */,
				0ACABC0C10B2A2B500441911 /* Unit Tests-Info.plist */,
			);
			name = CustomTemplate;
			sourceTree = "<group>";
		};
		29B97315FDCFA39411CA2CEA /* Other Sources */ = {
			isa = PBXGroup;
			children = (
				32CA4F630368D1EE00C91783 /* BushFire_Prefix.pch */,
				29B97316FDCFA39411CA2CEA /* main.m */,
			);
			name = "Other Sources";
			sourceTree = "<group>";
		};
		29B97317FDCFA39411CA2CEA /* Resources */ = {
			isa = PBXGroup;
			children = (
				2899E5210DE3E06400AC0155 /* BushFireViewController.xib */,
				28AD733E0D9D9553002E5188 /* MainWindow.xib */,
				8D1107310486CEB800E47090 /* BushFire-Info.plist */,
			);
			name = Resources;
			sourceTree = "<group>";
		};
		29B97323FDCFA39411CA2CEA /* Frameworks */ = {
			isa = PBXGroup;
			children = (
				1DF5F4DF0D08C38300B7A737 /* UIKit.framework */,
				1D30AB110D05D00D00671497 /* Foundation.framework */,
				288765A40DF7441C002DB57D /* CoreGraphics.framework */,
				0ACABC1010B2A31900441911 /* CoreLocation.framework */,
			);
			name = Frameworks;
			sourceTree = "<group>";
		};
/* End PBXGroup section */

/* Begin PBXNativeTarget section */
		0ACABC0910B2A2B500441911 /* Unit Tests */ = {
			isa = PBXNativeTarget;
			buildConfigurationList = 0ACABC0F10B2A2B600441911 /* Build configuration list for PBXNativeTarget "Unit Tests" */;
			buildPhases = (
				0ACABC0610B2A2B500441911 /* Resources */,
				0ACABC0710B2A2B500441911 /* Sources */,
				0ACABC0810B2A2B500441911 /* Frameworks */,
			);
			buildRules = (
			);
			dependencies = (
			);
			name = "Unit Tests";
			productName = "Unit Tests";
			productReference = 0ACABC0A10B2A2B500441911 /* Unit Tests.app */;
			productType = "com.apple.product-type.application";
		};
		1D6058900D05DD3D006BFB54 /* BushFire */ = {
			isa = PBXNativeTarget;
			buildConfigurationList = 1D6058960D05DD3E006BFB54 /* Build configuration list for PBXNativeTarget "BushFire" */;
			buildPhases = (
				1D60588D0D05DD3D006BFB54 /* Resources */,
				1D60588E0D05DD3D006BFB54 /* Sources */,
				1D60588F0D05DD3D006BFB54 /* Frameworks */,
			);
			buildRules = (
			);
			dependencies = (
			);
			name = BushFire;
			productName = BushFire;
			productReference = 1D6058910D05DD3D006BFB54 /* BushFire.app */;
			productType = "com.apple.product-type.application";
		};
/* End PBXNativeTarget section */

/* Begin PBXProject section */
		29B97313FDCFA39411CA2CEA /* Project object */ = {
			isa = PBXProject;
			buildConfigurationList = C01FCF4E08A954540054247B /* Build configuration list for PBXProject "BushFire" */;
			compatibilityVersion = "Xcode 3.1";
			hasScannedForEncodings = 1;
			mainGroup = 29B97314FDCFA39411CA2CEA /* CustomTemplate */;
			projectDirPath = "";
			projectRoot = "";
			targets = (
				1D6058900D05DD3D006BFB54 /* BushFire */,
				0ACABC0910B2A2B500441911 /* Unit Tests */,
			);
		};
/* End PBXProject section */

/* Begin PBXResourcesBuildPhase section */
		0ACABC0610B2A2B500441911 /* Resources */ = {
			isa = PBXResourcesBuildPhase;
			buildActionMask = 2147483647;
			files = (
			);
			runOnlyForDeploymentPostprocessing = 0;
		};
		1D60588D0D05DD3D006BFB54 /* Resources */ = {
			isa = PBXResourcesBuildPhase;
			buildActionMask = 2147483647;
			files = (
				28AD733F0D9D9553002E5188 /* MainWindow.xib in Resources */,
				2899E5220DE3E06400AC0155 /* BushFireViewController.xib in Resources */,
			);
			runOnlyForDeploymentPostprocessing = 0;
		};
/* End PBXResourcesBuildPhase section */

/* Begin PBXSourcesBuildPhase section */
		0ACABC0710B2A2B500441911 /* Sources */ = {
			isa = PBXSourcesBuildPhase;
			buildActionMask = 2147483647;
			files = (
				0ACABCDC10B2A39E00441911 /* GHUnitIPhoneTestMain.m in Sources */,
				0ACABCE210B2A52800441911 /* RegisterLocationTest.m in Sources */,
			);
			runOnlyForDeploymentPostprocessing = 0;
		};
		1D60588E0D05DD3D006BFB54 /* Sources */ = {
			isa = PBXSourcesBuildPhase;
			buildActionMask = 2147483647;
			files = (
				1D60589B0D05DD56006BFB54 /* main.m in Sources */,
				1D3623260D0F684500981E51 /* BushFireAppDelegate.m in Sources */,
				28D7ACF80DDB3853001CB0EB /* BushFireViewController.m in Sources */,
			);
			runOnlyForDeploymentPostprocessing = 0;
		};
/* End PBXSourcesBuildPhase section */

/* Begin XCBuildConfiguration section */
		0ACABC0D10B2A2B600441911 /* Debug */ = {
			isa = XCBuildConfiguration;
			buildSettings = {
				ALWAYS_SEARCH_USER_PATHS = NO;
				CODE_SIGN_IDENTITY = "iPhone Developer";
				COPY_PHASE_STRIP = NO;
				GCC_DYNAMIC_NO_PIC = NO;
				GCC_OPTIMIZATION_LEVEL = 0;
				GCC_PRECOMPILE_PREFIX_HEADER = YES;
				GCC_PREFIX_HEADER = "$(SYSTEM_LIBRARY_DIR)/Frameworks/UIKit.framework/Headers/UIKit.h";
				INFOPLIST_FILE = "Unit Tests-Info.plist";
				INSTALL_PATH = "$(HOME)/Applications";
				LIBRARY_SEARCH_PATHS = (
					"$(inherited)",
					"\"$(SRCROOT)/third-party/gh-unit\"",
				);
				OTHER_LDFLAGS = (
					"-framework",
					Foundation,
					"-framework",
					UIKit,
					"-ObjC",
					"-all_load",
				);
				PREBINDING = NO;
				PRODUCT_NAME = "Unit Tests";
				SDKROOT = iphoneos3.0;
			};
			name = Debug;
		};
		0ACABC0E10B2A2B600441911 /* Release */ = {
			isa = XCBuildConfiguration;
			buildSettings = {
				ALWAYS_SEARCH_USER_PATHS = NO;
				CODE_SIGN_IDENTITY = "iPhone Developer";
				COPY_PHASE_STRIP = YES;
				DEBUG_INFORMATION_FORMAT = "dwarf-with-dsym";
				GCC_ENABLE_FIX_AND_CONTINUE = NO;
				GCC_PRECOMPILE_PREFIX_HEADER = YES;
				GCC_PREFIX_HEADER = "$(SYSTEM_LIBRARY_DIR)/Frameworks/UIKit.framework/Headers/UIKit.h";
				INFOPLIST_FILE = "Unit Tests-Info.plist";
				INSTALL_PATH = "$(HOME)/Applications";
				LIBRARY_SEARCH_PATHS = (
					"$(inherited)",
					"\"$(SRCROOT)/third-party/gh-unit\"",
				);
				OTHER_LDFLAGS = (
					"-framework",
					Foundation,
					"-framework",
					UIKit,
				);
				PREBINDING = NO;
				PRODUCT_NAME = "Unit Tests";
				SDKROOT = iphoneos3.1.2;
				ZERO_LINK = NO;
			};
			name = Release;
		};
		1D6058940D05DD3E006BFB54 /* Debug */ = {
			isa = XCBuildConfiguration;
			buildSettings = {
				ALWAYS_SEARCH_USER_PATHS = NO;
				COPY_PHASE_STRIP = NO;
				GCC_DYNAMIC_NO_PIC = NO;
				GCC_OPTIMIZATION_LEVEL = 0;
				GCC_PRECOMPILE_PREFIX_HEADER = YES;
				GCC_PREFIX_HEADER = BushFire_Prefix.pch;
				INFOPLIST_FILE = "BushFire-Info.plist";
				PRODUCT_NAME = BushFire;
				SDKROOT = iphoneos3.0;
			};
			name = Debug;
		};
		1D6058950D05DD3E006BFB54 /* Release */ = {
			isa = XCBuildConfiguration;
			buildSettings = {
				ALWAYS_SEARCH_USER_PATHS = NO;
				COPY_PHASE_STRIP = YES;
				GCC_PRECOMPILE_PREFIX_HEADER = YES;
				GCC_PREFIX_HEADER = BushFire_Prefix.pch;
				INFOPLIST_FILE = "BushFire-Info.plist";
				PRODUCT_NAME = BushFire;
			};
			name = Release;
		};
		C01FCF4F08A954540054247B /* Debug */ = {
			isa = XCBuildConfiguration;
			buildSettings = {
				ARCHS = "$(ARCHS_STANDARD_32_BIT)";
				"CODE_SIGN_IDENTITY[sdk=iphoneos*]" = "iPhone Developer";
				GCC_C_LANGUAGE_STANDARD = c99;
				GCC_WARN_ABOUT_RETURN_TYPE = YES;
				GCC_WARN_UNUSED_VARIABLE = YES;
				PREBINDING = NO;
				SDKROOT = iphoneos3.1.2;
			};
			name = Debug;
		};
		C01FCF5008A954540054247B /* Release */ = {
			isa = XCBuildConfiguration;
			buildSettings = {
				ARCHS = "$(ARCHS_STANDARD_32_BIT)";
				"CODE_SIGN_IDENTITY[sdk=iphoneos*]" = "iPhone Developer";
				GCC_C_LANGUAGE_STANDARD = c99;
				GCC_WARN_ABOUT_RETURN_TYPE = YES;
				GCC_WARN_UNUSED_VARIABLE = YES;
				PREBINDING = NO;
				SDKROOT = iphoneos3.1.2;
			};
			name = Release;
		};
/* End XCBuildConfiguration section */

/* Begin XCConfigurationList section */
		0ACABC0F10B2A2B600441911 /* Build configuration list for PBXNativeTarget "Unit Tests" */ = {
			isa = XCConfigurationList;
			buildConfigurations = (
				0ACABC0D10B2A2B600441911 /* Debug */,
				0ACABC0E10B2A2B600441911 /* Release */,
			);
			defaultConfigurationIsVisible = 0;
			defaultConfigurationName = Release;
		};
		1D6058960D05DD3E006BFB54 /* Build configuration list for PBXNativeTarget "BushFire" */ = {
			isa = XCConfigurationList;
			buildConfigurations = (
				1D6058940D05DD3E006BFB54 /* Debug */,
				1D6058950D05DD3E006BFB54 /* Release */,
			);
			defaultConfigurationIsVisible = 0;
			defaultConfigurationName = Release;
		};
		C01FCF4E08A954540054247B /* Build configuration list for PBXProject "BushFire" */ = {
			isa = XCConfigurationList;
			buildConfigurations = (
				C01FCF4F08A954540054247B /* Debug */,
				C01FCF5008A954540054247B /* Release */,
			);
			defaultConfigurationIsVisible = 0;
			defaultConfigurationName = Release;
		};
/* End XCConfigurationList section */
	};
	rootObject = 29B97313FDCFA39411CA2CEA /* Project object */;
}
